
Microsoft Visual Studio Solution File, Format Version 12.00
# Visual Studio Version 17
VisualStudioVersion = 17.8.34322.80
MinimumVisualStudioVersion = 10.0.40219.1
Project("{9A19103F-16F7-4668-BE54-9A1E7A4F7556}") = "BossLeaderboards", "BossLeaderboards.csproj", "{A73D0CBC-D690-41C5-8FF6-1E0E8CA6647D}"
EndProject
Global
	GlobalSection(SolutionConfigurationPlatforms) = preSolution
		Debug|Any CPU = Debug|Any CPU
		Release|Any CPU = Release|Any CPU
	EndGlobalSection
	GlobalSection(ProjectConfigurationPlatforms) = postSolution
		{A73D0CBC-D690-41C5-8FF6-1E0E8CA6647D}.Debug|Any CPU.ActiveCfg = Debug|Any CPU
		{A73D0CBC-D690-41C5-8FF6-1E0E8CA6647D}.Debug|Any CPU.Build.0 = Debug|Any CPU
		{A73D0CBC-D690-41C5-8FF6-1E0E8CA6647D}.Release|Any CPU.ActiveCfg = Release|Any CPU
		{A73D0CBC-D690-41C5-8FF6-1E0E8CA6647D}.Release|Any CPU.Build.0 = Release|Any CPU
	EndGlobalSection
	GlobalSection(SolutionProperties) = preSolution
		HideSolutionNode = FALSE
	EndGlobalSection
	GlobalSection(ExtensibilityGlobals) = postSolution
		SolutionGuid = {F6C13875-B688-4FAA-A336-BB1A2F6CEAD8}
	EndGlobalSection
EndGlobal
