
Microsoft Visual Studio Solution File, Format Version 12.00
# Visual Studio Version 17
VisualStudioVersion = 17.4.33110.190
MinimumVisualStudioVersion = 10.0.40219.1
Project("{9A19103F-16F7-4668-BE54-9A1E7A4F7556}") = "Leaderboards", "Leaderboards.csproj", "{3FB7DFB3-A814-4BC6-AD76-FF01627634B8}"
EndProject
Global
	GlobalSection(SolutionConfigurationPlatforms) = preSolution
		Debug|Any CPU = Debug|Any CPU
		Release|Any CPU = Release|Any CPU
	EndGlobalSection
	GlobalSection(ProjectConfigurationPlatforms) = postSolution
		{3FB7DFB3-A814-4BC6-AD76-FF01627634B8}.Debug|Any CPU.ActiveCfg = Debug|Any CPU
		{3FB7DFB3-A814-4BC6-AD76-FF01627634B8}.Debug|Any CPU.Build.0 = Debug|Any CPU
		{3FB7DFB3-A814-4BC6-AD76-FF01627634B8}.Release|Any CPU.ActiveCfg = Release|Any CPU
		{3FB7DFB3-A814-4BC6-AD76-FF01627634B8}.Release|Any CPU.Build.0 = Release|Any CPU
	EndGlobalSection
	GlobalSection(SolutionProperties) = preSolution
		HideSolutionNode = FALSE
	EndGlobalSection
	GlobalSection(ExtensibilityGlobals) = postSolution
		SolutionGuid = {A006E3AD-373D-40D7-96F1-8CA7B2F48AEC}
	EndGlobalSection
EndGlobal
